// !$*UTF8*$!
{
	archiveVersion = 1;
	classes = {
	};
	objectVersion = 48;
	objects = {

/* Begin PBXBuildFile section */
		E41E14841FC381D9005B4478 /* AppDelegate.m in Sources */ = {isa = PBXBuildFile; fileRef = E41E14831FC381D9005B4478 /* AppDelegate.m */; };
		E41E14871FC381D9005B4478 /* ViewController.m in Sources */ = {isa = PBXBuildFile; fileRef = E41E14861FC381D9005B4478 /* ViewController.m */; };
		E41E148A1FC381D9005B4478 /* Main.storyboard in Resources */ = {isa = PBXBuildFile; fileRef = E41E14881FC381D9005B4478 /* Main.storyboard */; };
		E41E148C1FC381D9005B4478 /* Assets.xcassets in Resources */ = {isa = PBXBuildFile; fileRef = E41E148B1FC381D9005B4478 /* Assets.xcassets */; };
		E41E148F1FC381D9005B4478 /* LaunchScreen.storyboard in Resources */ = {isa = PBXBuildFile; fileRef = E41E148D1FC381D9005B4478 /* LaunchScreen.storyboard */; };
		E41E14921FC381D9005B4478 /* main.m in Sources */ = {isa = PBXBuildFile; fileRef = E41E14911FC381D9005B4478 /* main.m */; };
		E41E149C1FC381D9005B4478 /* BallColorTests.m in Sources */ = {isa = PBXBuildFile; fileRef = E41E149B1FC381D9005B4478 /* BallColorTests.m */; };
		E41E14A71FC381DA005B4478 /* BallColorUITests.m in Sources */ = {isa = PBXBuildFile; fileRef = E41E14A61FC381DA005B4478 /* BallColorUITests.m */; };
/* End PBXBuildFile section */

/* Begin PBXContainerItemProxy section */
		E41E14981FC381D9005B4478 /* PBXContainerItemProxy */ = {
			isa = PBXContainerItemProxy;
			containerPortal = E41E14771FC381D9005B4478 /* Project object */;
			proxyType = 1;
			remoteGlobalIDString = E41E147E1FC381D9005B4478;
			remoteInfo = BallColor;
		};
		E41E14A31FC381DA005B4478 /* PBXContainerItemProxy */ = {
			isa = PBXContainerItemProxy;
			containerPortal = E41E14771FC381D9005B4478 /* Project object */;
			proxyType = 1;
			remoteGlobalIDString = E41E147E1FC381D9005B4478;
			remoteInfo = BallColor;
		};
/* End PBXContainerItemProxy section */

/* Begin PBXFileReference section */
		E41E147F1FC381D9005B4478 /* BallColor.app */ = {isa = PBXFileReference; explicitFileType = wrapper.application; includeInIndex = 0; path = BallColor.app; sourceTree = BUILT_PRODUCTS_DIR; };
		E41E14821FC381D9005B4478 /* AppDelegate.h */ = {isa = PBXFileReference; lastKnownFileType = sourcecode.c.h; path = AppDelegate.h; sourceTree = "<group>"; };
		E41E14831FC381D9005B4478 /* AppDelegate.m */ = {isa = PBXFileReference; lastKnownFileType = sourcecode.c.objc; path = AppDelegate.m; sourceTree = "<group>"; };
		E41E14851FC381D9005B4478 /* ViewController.h */ = {isa = PBXFileReference; lastKnownFileType = sourcecode.c.h; path = ViewController.h; sourceTree = "<group>"; };
		E41E14861FC381D9005B4478 /* ViewController.m */ = {isa = PBXFileReference; lastKnownFileType = sourcecode.c.objc; path = ViewController.m; sourceTree = "<group>"; };
		E41E14891FC381D9005B4478 /* Base */ = {isa = PBXFileReference; lastKnownFileType = file.storyboard; name = Base; path = Base.lproj/Main.storyboard; sourceTree = "<group>"; };
		E41E148B1FC381D9005B4478 /* Assets.xcassets */ = {isa = PBXFileReference; lastKnownFileType = folder.assetcatalog; path = Assets.xcassets; sourceTree = "<group>"; };
		E41E148E1FC381D9005B4478 /* Base */ = {isa = PBXFileReference; lastKnownFileType = file.storyboard; name = Base; path = Base.lproj/LaunchScreen.storyboard; sourceTree = "<group>"; };
		E41E14901FC381D9005B4478 /* Info.plist */ = {isa = PBXFileReference; lastKnownFileType = text.plist.xml; path = Info.plist; sourceTree = "<group>"; };
		E41E14911FC381D9005B4478 /* main.m */ = {isa = PBXFileReference; lastKnownFileType = sourcecode.c.objc; path = main.m; sourceTree = "<group>"; };
		E41E14971FC381D9005B4478 /* BallColorTests.xctest */ = {isa = PBXFileReference; explicitFileType = wrapper.cfbundle; includeInIndex = 0; path = BallColorTests.xctest; sourceTree = BUILT_PRODUCTS_DIR; };
		E41E149B1FC381D9005B4478 /* BallColorTests.m */ = {isa = PBXFileReference; lastKnownFileType = sourcecode.c.objc; path = BallColorTests.m; sourceTree = "<group>"; };
		E41E149D1FC381D9005B4478 /* Info.plist */ = {isa = PBXFileReference; lastKnownFileType = text.plist.xml; path = Info.plist; sourceTree = "<group>"; };
		E41E14A21FC381DA005B4478 /* BallColorUITests.xctest */ = {isa = PBXFileReference; explicitFileType = wrapper.cfbundle; includeInIndex = 0; path = BallColorUITests.xctest; sourceTree = BUILT_PRODUCTS_DIR; };
		E41E14A61FC381DA005B4478 /* BallColorUITests.m */ = {isa = PBXFileReference; lastKnownFileType = sourcecode.c.objc; path = BallColorUITests.m; sourceTree = "<group>"; };
		E41E14A81FC381DA005B4478 /* Info.plist */ = {isa = PBXFileReference; lastKnownFileType = text.plist.xml; path = Info.plist; sourceTree = "<group>"; };
/* End PBXFileReference section */

/* Begin PBXFrameworksBuildPhase section */
		E41E147C1FC381D9005B4478 /* Frameworks */ = {
			isa = PBXFrameworksBuildPhase;
			buildActionMask = 2147483647;
			files = (
			);
			runOnlyForDeploymentPostprocessing = 0;
		};
		E41E14941FC381D9005B4478 /* Frameworks */ = {
			isa = PBXFrameworksBuildPhase;
			buildActionMask = 2147483647;
			files = (
			);
			runOnlyForDeploymentPostprocessing = 0;
		};
		E41E149F1FC381DA005B4478 /* Frameworks */ = {
			isa = PBXFrameworksBuildPhase;
			buildActionMask = 2147483647;
			files = (
			);
			runOnlyForDeploymentPostprocessing = 0;
		};
/* End PBXFrameworksBuildPhase section */

/* Begin PBXGroup section */
		E41E14761FC381D9005B4478 = {
			isa = PBXGroup;
			children = (
				E41E14811FC381D9005B4478 /* BallColor */,
				E41E149A1FC381D9005B4478 /* BallColorTests */,
				E41E14A51FC381DA005B4478 /* BallColorUITests */,
				E41E14801FC381D9005B4478 /* Products */,
			);
			sourceTree = "<group>";
		};
		E41E14801FC381D9005B4478 /* Products */ = {
			isa = PBXGroup;
			children = (
				E41E147F1FC381D9005B4478 /* BallColor.app */,
				E41E14971FC381D9005B4478 /* BallColorTests.xctest */,
				E41E14A21FC381DA005B4478 /* BallColorUITests.xctest */,
			);
			name = Products;
			sourceTree = "<group>";
		};
		E41E14811FC381D9005B4478 /* BallColor */ = {
			isa = PBXGroup;
			children = (
				E41E14821FC381D9005B4478 /* AppDelegate.h */,
				E41E14831FC381D9005B4478 /* AppDelegate.m */,
				E41E14851FC381D9005B4478 /* ViewController.h */,
				E41E14861FC381D9005B4478 /* ViewController.m */,
				E41E14881FC381D9005B4478 /* Main.storyboard */,
				E41E148B1FC381D9005B4478 /* Assets.xcassets */,
				E41E148D1FC381D9005B4478 /* LaunchScreen.storyboard */,
				E41E14901FC381D9005B4478 /* Info.plist */,
				E41E14911FC381D9005B4478 /* main.m */,
			);
			path = BallColor;
			sourceTree = "<group>";
		};
		E41E149A1FC381D9005B4478 /* BallColorTests */ = {
			isa = PBXGroup;
			children = (
				E41E149B1FC381D9005B4478 /* BallColorTests.m */,
				E41E149D1FC381D9005B4478 /* Info.plist */,
			);
			path = BallColorTests;
			sourceTree = "<group>";
		};
		E41E14A51FC381DA005B4478 /* BallColorUITests */ = {
			isa = PBXGroup;
			children = (
				E41E14A61FC381DA005B4478 /* BallColorUITests.m */,
				E41E14A81FC381DA005B4478 /* Info.plist */,
			);
			path = BallColorUITests;
			sourceTree = "<group>";
		};
/* End PBXGroup section */

/* Begin PBXNativeTarget section */
		E41E147E1FC381D9005B4478 /* BallColor */ = {
			isa = PBXNativeTarget;
			buildConfigurationList = E41E14AB1FC381DA005B4478 /* Build configuration list for PBXNativeTarget "BallColor" */;
			buildPhases = (
				E41E147B1FC381D9005B4478 /* Sources */,
				E41E147C1FC381D9005B4478 /* Frameworks */,
				E41E147D1FC381D9005B4478 /* Resources */,
			);
			buildRules = (
			);
			dependencies = (
			);
			name = BallColor;
			productName = BallColor;
			productReference = E41E147F1FC381D9005B4478 /* BallColor.app */;
			productType = "com.apple.product-type.application";
		};
		E41E14961FC381D9005B4478 /* BallColorTests */ = {
			isa = PBXNativeTarget;
			buildConfigurationList = E41E14AE1FC381DA005B4478 /* Build configuration list for PBXNativeTarget "BallColorTests" */;
			buildPhases = (
				E41E14931FC381D9005B4478 /* Sources */,
				E41E14941FC381D9005B4478 /* Frameworks */,
				E41E14951FC381D9005B4478 /* Resources */,
			);
			buildRules = (
			);
			dependencies = (
				E41E14991FC381D9005B4478 /* PBXTargetDependency */,
			);
			name = BallColorTests;
			productName = BallColorTests;
			productReference = E41E14971FC381D9005B4478 /* BallColorTests.xctest */;
			productType = "com.apple.product-type.bundle.unit-test";
		};
		E41E14A11FC381DA005B4478 /* BallColorUITests */ = {
			isa = PBXNativeTarget;
			buildConfigurationList = E41E14B11FC381DA005B4478 /* Build configuration list for PBXNativeTarget "BallColorUITests" */;
			buildPhases = (
				E41E149E1FC381DA005B4478 /* Sources */,
				E41E149F1FC381DA005B4478 /* Frameworks */,
				E41E14A01FC381DA005B4478 /* Resources */,
			);
			buildRules = (
			);
			dependencies = (
				E41E14A41FC381DA005B4478 /* PBXTargetDependency */,
			);
			name = BallColorUITests;
			productName = BallColorUITests;
			productReference = E41E14A21FC381DA005B4478 /* BallColorUITests.xctest */;
			productType = "com.apple.product-type.bundle.ui-testing";
		};
/* End PBXNativeTarget section */

/* Begin PBXProject section */
		E41E14771FC381D9005B4478 /* Project object */ = {
			isa = PBXProject;
			attributes = {
				LastUpgradeCheck = 0910;
				ORGANIZATIONNAME = "Hrishi Amravatkar";
				TargetAttributes = {
					E41E147E1FC381D9005B4478 = {
						CreatedOnToolsVersion = 9.1;
						ProvisioningStyle = Automatic;
					};
					E41E14961FC381D9005B4478 = {
						CreatedOnToolsVersion = 9.1;
						ProvisioningStyle = Automatic;
						TestTargetID = E41E147E1FC381D9005B4478;
					};
					E41E14A11FC381DA005B4478 = {
						CreatedOnToolsVersion = 9.1;
						ProvisioningStyle = Automatic;
						TestTargetID = E41E147E1FC381D9005B4478;
					};
				};
			};
			buildConfigurationList = E41E147A1FC381D9005B4478 /* Build configuration list for PBXProject "BallColor" */;
			compatibilityVersion = "Xcode 8.0";
			developmentRegion = en;
			hasScannedForEncodings = 0;
			knownRegions = (
				en,
				Base,
			);
			mainGroup = E41E14761FC381D9005B4478;
			productRefGroup = E41E14801FC381D9005B4478 /* Products */;
			projectDirPath = "";
			projectRoot = "";
			targets = (
				E41E147E1FC381D9005B4478 /* BallColor */,
				E41E14961FC381D9005B4478 /* BallColorTests */,
				E41E14A11FC381DA005B4478 /* BallColorUITests */,
			);
		};
/* End PBXProject section */

/* Begin PBXResourcesBuildPhase section */
		E41E147D1FC381D9005B4478 /* Resources */ = {
			isa = PBXResourcesBuildPhase;
			buildActionMask = 2147483647;
			files = (
				E41E148F1FC381D9005B4478 /* LaunchScreen.storyboard in Resources */,
				E41E148C1FC381D9005B4478 /* Assets.xcassets in Resources */,
				E41E148A1FC381D9005B4478 /* Main.storyboard in Resources */,
			);
			runOnlyForDeploymentPostprocessing = 0;
		};
		E41E14951FC381D9005B4478 /* Resources */ = {
			isa = PBXResourcesBuildPhase;
			buildActionMask = 2147483647;
			files = (
			);
			runOnlyForDeploymentPostprocessing = 0;
		};
		E41E14A01FC381DA005B4478 /* Resources */ = {
			isa = PBXResourcesBuildPhase;
			buildActionMask = 2147483647;
			files = (
			);
			runOnlyForDeploymentPostprocessing = 0;
		};
/* End PBXResourcesBuildPhase section */

/* Begin PBXSourcesBuildPhase section */
		E41E147B1FC381D9005B4478 /* Sources */ = {
			isa = PBXSourcesBuildPhase;
			buildActionMask = 2147483647;
			files = (
				E41E14871FC381D9005B4478 /* ViewController.m in Sources */,
				E41E14921FC381D9005B4478 /* main.m in Sources */,
				E41E14841FC381D9005B4478 /* AppDelegate.m in Sources */,
			);
			runOnlyForDeploymentPostprocessing = 0;
		};
		E41E14931FC381D9005B4478 /* Sources */ = {
			isa = PBXSourcesBuildPhase;
			buildActionMask = 2147483647;
			files = (
				E41E149C1FC381D9005B4478 /* BallColorTests.m in Sources */,
			);
			runOnlyForDeploymentPostprocessing = 0;
		};
		E41E149E1FC381DA005B4478 /* Sources */ = {
			isa = PBXSourcesBuildPhase;
			buildActionMask = 2147483647;
			files = (
				E41E14A71FC381DA005B4478 /* BallColorUITests.m in Sources */,
			);
			runOnlyForDeploymentPostprocessing = 0;
		};
/* End PBXSourcesBuildPhase section */

/* Begin PBXTargetDependency section */
		E41E14991FC381D9005B4478 /* PBXTargetDependency */ = {
			isa = PBXTargetDependency;
			target = E41E147E1FC381D9005B4478 /* BallColor */;
			targetProxy = E41E14981FC381D9005B4478 /* PBXContainerItemProxy */;
		};
		E41E14A41FC381DA005B4478 /* PBXTargetDependency */ = {
			isa = PBXTargetDependency;
			target = E41E147E1FC381D9005B4478 /* BallColor */;
			targetProxy = E41E14A31FC381DA005B4478 /* PBXContainerItemProxy */;
		};
/* End PBXTargetDependency section */

/* Begin PBXVariantGroup section */
		E41E14881FC381D9005B4478 /* Main.storyboard */ = {
			isa = PBXVariantGroup;
			children = (
				E41E14891FC381D9005B4478 /* Base */,
			);
			name = Main.storyboard;
			sourceTree = "<group>";
		};
		E41E148D1FC381D9005B4478 /* LaunchScreen.storyboard */ = {
			isa = PBXVariantGroup;
			children = (
				E41E148E1FC381D9005B4478 /* Base */,
			);
			name = LaunchScreen.storyboard;
			sourceTree = "<group>";
		};
/* End PBXVariantGroup section */

/* Begin XCBuildConfiguration section */
		E41E14A91FC381DA005B4478 /* Debug */ = {
			isa = XCBuildConfiguration;
			buildSettings = {
				ALWAYS_SEARCH_USER_PATHS = NO;
				CLANG_ANALYZER_NONNULL = YES;
				CLANG_ANALYZER_NUMBER_OBJECT_CONVERSION = YES_AGGRESSIVE;
				CLANG_CXX_LANGUAGE_STANDARD = "gnu++14";
				CLANG_CXX_LIBRARY = "libc++";
				CLANG_ENABLE_MODULES = YES;
				CLANG_ENABLE_OBJC_ARC = YES;
				CLANG_WARN_BLOCK_CAPTURE_AUTORELEASING = YES;
				CLANG_WARN_BOOL_CONVERSION = YES;
				CLANG_WARN_COMMA = YES;
				CLANG_WARN_CONSTANT_CONVERSION = YES;
				CLANG_WARN_DIRECT_OBJC_ISA_USAGE = YES_ERROR;
				CLANG_WARN_DOCUMENTATION_COMMENTS = YES;
				CLANG_WARN_EMPTY_BODY = YES;
				CLANG_WARN_ENUM_CONVERSION = YES;
				CLANG_WARN_INFINITE_RECURSION = YES;
				CLANG_WARN_INT_CONVERSION = YES;
				CLANG_WARN_NON_LITERAL_NULL_CONVERSION = YES;
				CLANG_WARN_OBJC_LITERAL_CONVERSION = YES;
				CLANG_WARN_OBJC_ROOT_CLASS = YES_ERROR;
				CLANG_WARN_RANGE_LOOP_ANALYSIS = YES;
				CLANG_WARN_STRICT_PROTOTYPES = YES;
				CLANG_WARN_SUSPICIOUS_MOVE = YES;
				CLANG_WARN_UNGUARDED_AVAILABILITY = YES_AGGRESSIVE;
				CLANG_WARN_UNREACHABLE_CODE = YES;
				CLANG_WARN__DUPLICATE_METHOD_MATCH = YES;
				CODE_SIGN_IDENTITY = "iPhone Developer";
				COPY_PHASE_STRIP = NO;
				DEBUG_INFORMATION_FORMAT = dwarf;
				ENABLE_STRICT_OBJC_MSGSEND = YES;
				ENABLE_TESTABILITY = YES;
				GCC_C_LANGUAGE_STANDARD = gnu11;
				GCC_DYNAMIC_NO_PIC = NO;
				GCC_NO_COMMON_BLOCKS = YES;
				GCC_OPTIMIZATION_LEVEL = 0;
				GCC_PREPROCESSOR_DEFINITIONS = (
					"DEBUG=1",
					"$(inherited)",
				);
				GCC_WARN_64_TO_32_BIT_CONVERSION = YES;
				GCC_WARN_ABOUT_RETURN_TYPE = YES_ERROR;
				GCC_WARN_UNDECLARED_SELECTOR = YES;
				GCC_WARN_UNINITIALIZED_AUTOS = YES_AGGRESSIVE;
				GCC_WARN_UNUSED_FUNCTION = YES;
				GCC_WARN_UNUSED_VARIABLE = YES;
				IPHONEOS_DEPLOYMENT_TARGET = 11.1;
				MTL_ENABLE_DEBUG_INFO = YES;
				ONLY_ACTIVE_ARCH = YES;
				SDKROOT = iphoneos;
			};
			name = Debug;
		};
		E41E14AA1FC381DA005B4478 /* Release */ = {
			isa = XCBuildConfiguration;
			buildSettings = {
				ALWAYS_SEARCH_USER_PATHS = NO;
				CLANG_ANALYZER_NONNULL = YES;
				CLANG_ANALYZER_NUMBER_OBJECT_CONVERSION = YES_AGGRESSIVE;
				CLANG_CXX_LANGUAGE_STANDARD = "gnu++14";
				CLANG_CXX_LIBRARY = "libc++";
				CLANG_ENABLE_MODULES = YES;
				CLANG_ENABLE_OBJC_ARC = YES;
				CLANG_WARN_BLOCK_CAPTURE_AUTORELEASING = YES;
				CLANG_WARN_BOOL_CONVERSION = YES;
				CLANG_WARN_COMMA = YES;
				CLANG_WARN_CONSTANT_CONVERSION = YES;
				CLANG_WARN_DIRECT_OBJC_ISA_USAGE = YES_ERROR;
				CLANG_WARN_DOCUMENTATION_COMMENTS = YES;
				CLANG_WARN_EMPTY_BODY = YES;
				CLANG_WARN_ENUM_CONVERSION = YES;
				CLANG_WARN_INFINITE_RECURSION = YES;
				CLANG_WARN_INT_CONVERSION = YES;
				CLANG_WARN_NON_LITERAL_NULL_CONVERSION = YES;
				CLANG_WARN_OBJC_LITERAL_CONVERSION = YES;
				CLANG_WARN_OBJC_ROOT_CLASS = YES_ERROR;
				CLANG_WARN_RANGE_LOOP_ANALYSIS = YES;
				CLANG_WARN_STRICT_PROTOTYPES = YES;
				CLANG_WARN_SUSPICIOUS_MOVE = YES;
				CLANG_WARN_UNGUARDED_AVAILABILITY = YES_AGGRESSIVE;
				CLANG_WARN_UNREACHABLE_CODE = YES;
				CLANG_WARN__DUPLICATE_METHOD_MATCH = YES;
				CODE_SIGN_IDENTITY = "iPhone Developer";
				COPY_PHASE_STRIP = NO;
				DEBUG_INFORMATION_FORMAT = "dwarf-with-dsym";
				ENABLE_NS_ASSERTIONS = NO;
				ENABLE_STRICT_OBJC_MSGSEND = YES;
				GCC_C_LANGUAGE_STANDARD = gnu11;
				GCC_NO_COMMON_BLOCKS = YES;
				GCC_WARN_64_TO_32_BIT_CONVERSION = YES;
				GCC_WARN_ABOUT_RETURN_TYPE = YES_ERROR;
				GCC_WARN_UNDECLARED_SELECTOR = YES;
				GCC_WARN_UNINITIALIZED_AUTOS = YES_AGGRESSIVE;
				GCC_WARN_UNUSED_FUNCTION = YES;
				GCC_WARN_UNUSED_VARIABLE = YES;
				IPHONEOS_DEPLOYMENT_TARGET = 11.1;
				MTL_ENABLE_DEBUG_INFO = NO;
				SDKROOT = iphoneos;
				VALIDATE_PRODUCT = YES;
			};
			name = Release;
		};
		E41E14AC1FC381DA005B4478 /* Debug */ = {
			isa = XCBuildConfiguration;
			buildSettings = {
				ASSETCATALOG_COMPILER_APPICON_NAME = AppIcon;
				CODE_SIGN_STYLE = Automatic;
				INFOPLIST_FILE = BallColor/Info.plist;
				LD_RUNPATH_SEARCH_PATHS = "$(inherited) @executable_path/Frameworks";
				PRODUCT_BUNDLE_IDENTIFIER = hp.BallColor;
				PRODUCT_NAME = "$(TARGET_NAME)";
				TARGETED_DEVICE_FAMILY = "1,2";
			};
			name = Debug;
		};
		E41E14AD1FC381DA005B4478 /* Release */ = {
			isa = XCBuildConfiguration;
			buildSettings = {
				ASSETCATALOG_COMPILER_APPICON_NAME = AppIcon;
				CODE_SIGN_STYLE = Automatic;
				INFOPLIST_FILE = BallColor/Info.plist;
				LD_RUNPATH_SEARCH_PATHS = "$(inherited) @executable_path/Frameworks";
				PRODUCT_BUNDLE_IDENTIFIER = hp.BallColor;
				PRODUCT_NAME = "$(TARGET_NAME)";
				TARGETED_DEVICE_FAMILY = "1,2";
			};
			name = Release;
		};
		E41E14AF1FC381DA005B4478 /* Debug */ = {
			isa = XCBuildConfiguration;
			buildSettings = {
				BUNDLE_LOADER = "$(TEST_HOST)";
				CODE_SIGN_STYLE = Automatic;
				INFOPLIST_FILE = BallColorTests/Info.plist;
				LD_RUNPATH_SEARCH_PATHS = "$(inherited) @executable_path/Frameworks @loader_path/Frameworks";
				PRODUCT_BUNDLE_IDENTIFIER = hp.BallColorTests;
				PRODUCT_NAME = "$(TARGET_NAME)";
				TARGETED_DEVICE_FAMILY = "1,2";
				TEST_HOST = "$(BUILT_PRODUCTS_DIR)/BallColor.app/BallColor";
			};
			name = Debug;
		};
		E41E14B01FC381DA005B4478 /* Release */ = {
			isa = XCBuildConfiguration;
			buildSettings = {
				BUNDLE_LOADER = "$(TEST_HOST)";
				CODE_SIGN_STYLE = Automatic;
				INFOPLIST_FILE = BallColorTests/Info.plist;
				LD_RUNPATH_SEARCH_PATHS = "$(inherited) @executable_path/Frameworks @loader_path/Frameworks";
				PRODUCT_BUNDLE_IDENTIFIER = hp.BallColorTests;
				PRODUCT_NAME = "$(TARGET_NAME)";
				TARGETED_DEVICE_FAMILY = "1,2";
				TEST_HOST = "$(BUILT_PRODUCTS_DIR)/BallColor.app/BallColor";
			};
			name = Release;
		};
		E41E14B21FC381DA005B4478 /* Debug */ = {
			isa = XCBuildConfiguration;
			buildSettings = {
				CODE_SIGN_STYLE = Automatic;
				INFOPLIST_FILE = BallColorUITests/Info.plist;
				LD_RUNPATH_SEARCH_PATHS = "$(inherited) @executable_path/Frameworks @loader_path/Frameworks";
				PRODUCT_BUNDLE_IDENTIFIER = hp.BallColorUITests;
				PRODUCT_NAME = "$(TARGET_NAME)";
				TARGETED_DEVICE_FAMILY = "1,2";
				TEST_TARGET_NAME = BallColor;
			};
			name = Debug;
		};
		E41E14B31FC381DA005B4478 /* Release */ = {
			isa = XCBuildConfiguration;
			buildSettings = {
				CODE_SIGN_STYLE = Automatic;
				INFOPLIST_FILE = BallColorUITests/Info.plist;
				LD_RUNPATH_SEARCH_PATHS = "$(inherited) @executable_path/Frameworks @loader_path/Frameworks";
				PRODUCT_BUNDLE_IDENTIFIER = hp.BallColorUITests;
				PRODUCT_NAME = "$(TARGET_NAME)";
				TARGETED_DEVICE_FAMILY = "1,2";
				TEST_TARGET_NAME = BallColor;
			};
			name = Release;
		};
/* End XCBuildConfiguration section */

/* Begin XCConfigurationList section */
		E41E147A1FC381D9005B4478 /* Build configuration list for PBXProject "BallColor" */ = {
			isa = XCConfigurationList;
			buildConfigurations = (
				E41E14A91FC381DA005B4478 /* Debug */,
				E41E14AA1FC381DA005B4478 /* Release */,
			);
			defaultConfigurationIsVisible = 0;
			defaultConfigurationName = Release;
		};
		E41E14AB1FC381DA005B4478 /* Build configuration list for PBXNativeTarget "BallColor" */ = {
			isa = XCConfigurationList;
			buildConfigurations = (
				E41E14AC1FC381DA005B4478 /* Debug */,
				E41E14AD1FC381DA005B4478 /* Release */,
			);
			defaultConfigurationIsVisible = 0;
			defaultConfigurationName = Release;
		};
		E41E14AE1FC381DA005B4478 /* Build configuration list for PBXNativeTarget "BallColorTests" */ = {
			isa = XCConfigurationList;
			buildConfigurations = (
				E41E14AF1FC381DA005B4478 /* Debug */,
				E41E14B01FC381DA005B4478 /* Release */,
			);
			defaultConfigurationIsVisible = 0;
			defaultConfigurationName = Release;
		};
		E41E14B11FC381DA005B4478 /* Build configuration list for PBXNativeTarget "BallColorUITests" */ = {
			isa = XCConfigurationList;
			buildConfigurations = (
				E41E14B21FC381DA005B4478 /* Debug */,
				E41E14B31FC381DA005B4478 /* Release */,
			);
			defaultConfigurationIsVisible = 0;
			defaultConfigurationName = Release;
		};
/* End XCConfigurationList section */
	};
	rootObject = E41E14771FC381D9005B4478 /* Project object */;
}
