// !$*UTF8*$!
{
	archiveVersion = 1;
	classes = {
	};
	objectVersion = 50;
	objects = {

/* Begin PBXBuildFile section */
		E4DA78B4248BEC6C009C7093 /* AppDelegate.swift in Sources */ = {isa = PBXBuildFile; fileRef = E4DA78B3248BEC6C009C7093 /* AppDelegate.swift */; };
		E4DA78B6248BEC6C009C7093 /* SceneDelegate.swift in Sources */ = {isa = PBXBuildFile; fileRef = E4DA78B5248BEC6C009C7093 /* SceneDelegate.swift */; };
		E4DA78B8248BEC6C009C7093 /* ViewController.swift in Sources */ = {isa = PBXBuildFile; fileRef = E4DA78B7248BEC6C009C7093 /* ViewController.swift */; };
		E4DA78BB248BEC6C009C7093 /* Main.storyboard in Resources */ = {isa = PBXBuildFile; fileRef = E4DA78B9248BEC6C009C7093 /* Main.storyboard */; };
		E4DA78BE248BEC6C009C7093 /* Test.xcdatamodeld in Sources */ = {isa = PBXBuildFile; fileRef = E4DA78BC248BEC6C009C7093 /* Test.xcdatamodeld */; };
		E4DA78C0248BEC6E009C7093 /* Assets.xcassets in Resources */ = {isa = PBXBuildFile; fileRef = E4DA78BF248BEC6E009C7093 /* Assets.xcassets */; };
		E4DA78C3248BEC6E009C7093 /* LaunchScreen.storyboard in Resources */ = {isa = PBXBuildFile; fileRef = E4DA78C1248BEC6E009C7093 /* LaunchScreen.storyboard */; };
		E4DA78CE248BEC6E009C7093 /* TestTests.swift in Sources */ = {isa = PBXBuildFile; fileRef = E4DA78CD248BEC6E009C7093 /* TestTests.swift */; };
/* End PBXBuildFile section */

/* Begin PBXContainerItemProxy section */
		E4DA78CA248BEC6E009C7093 /* PBXContainerItemProxy */ = {
			isa = PBXContainerItemProxy;
			containerPortal = E4DA78A8248BEC6C009C7093 /* Project object */;
			proxyType = 1;
			remoteGlobalIDString = E4DA78AF248BEC6C009C7093;
			remoteInfo = Test;
		};
/* End PBXContainerItemProxy section */

/* Begin PBXFileReference section */
		E4DA78B0248BEC6C009C7093 /* Test.app */ = {isa = PBXFileReference; explicitFileType = wrapper.application; includeInIndex = 0; path = Test.app; sourceTree = BUILT_PRODUCTS_DIR; };
		E4DA78B3248BEC6C009C7093 /* AppDelegate.swift */ = {isa = PBXFileReference; lastKnownFileType = sourcecode.swift; path = AppDelegate.swift; sourceTree = "<group>"; };
		E4DA78B5248BEC6C009C7093 /* SceneDelegate.swift */ = {isa = PBXFileReference; lastKnownFileType = sourcecode.swift; path = SceneDelegate.swift; sourceTree = "<group>"; };
		E4DA78B7248BEC6C009C7093 /* ViewController.swift */ = {isa = PBXFileReference; lastKnownFileType = sourcecode.swift; path = ViewController.swift; sourceTree = "<group>"; };
		E4DA78BA248BEC6C009C7093 /* Base */ = {isa = PBXFileReference; lastKnownFileType = file.storyboard; name = Base; path = Base.lproj/Main.storyboard; sourceTree = "<group>"; };
		E4DA78BD248BEC6C009C7093 /* Test.xcdatamodel */ = {isa = PBXFileReference; lastKnownFileType = wrapper.xcdatamodel; path = Test.xcdatamodel; sourceTree = "<group>"; };
		E4DA78BF248BEC6E009C7093 /* Assets.xcassets */ = {isa = PBXFileReference; lastKnownFileType = folder.assetcatalog; path = Assets.xcassets; sourceTree = "<group>"; };
		E4DA78C2248BEC6E009C7093 /* Base */ = {isa = PBXFileReference; lastKnownFileType = file.storyboard; name = Base; path = Base.lproj/LaunchScreen.storyboard; sourceTree = "<group>"; };
		E4DA78C4248BEC6E009C7093 /* Info.plist */ = {isa = PBXFileReference; lastKnownFileType = text.plist.xml; path = Info.plist; sourceTree = "<group>"; };
		E4DA78C9248BEC6E009C7093 /* TestTests.xctest */ = {isa = PBXFileReference; explicitFileType = wrapper.cfbundle; includeInIndex = 0; path = TestTests.xctest; sourceTree = BUILT_PRODUCTS_DIR; };
		E4DA78CD248BEC6E009C7093 /* TestTests.swift */ = {isa = PBXFileReference; lastKnownFileType = sourcecode.swift; path = TestTests.swift; sourceTree = "<group>"; };
		E4DA78CF248BEC6E009C7093 /* Info.plist */ = {isa = PBXFileReference; lastKnownFileType = text.plist.xml; path = Info.plist; sourceTree = "<group>"; };
/* End PBXFileReference section */

/* Begin PBXFrameworksBuildPhase section */
		E4DA78AD248BEC6C009C7093 /* Frameworks */ = {
			isa = PBXFrameworksBuildPhase;
			buildActionMask = 2147483647;
			files = (
			);
			runOnlyForDeploymentPostprocessing = 0;
		};
		E4DA78C6248BEC6E009C7093 /* Frameworks */ = {
			isa = PBXFrameworksBuildPhase;
			buildActionMask = 2147483647;
			files = (
			);
			runOnlyForDeploymentPostprocessing = 0;
		};
/* End PBXFrameworksBuildPhase section */

/* Begin PBXGroup section */
		E4DA78A7248BEC6C009C7093 = {
			isa = PBXGroup;
			children = (
				E4DA78B2248BEC6C009C7093 /* Test */,
				E4DA78CC248BEC6E009C7093 /* TestTests */,
				E4DA78B1248BEC6C009C7093 /* Products */,
			);
			sourceTree = "<group>";
		};
		E4DA78B1248BEC6C009C7093 /* Products */ = {
			isa = PBXGroup;
			children = (
				E4DA78B0248BEC6C009C7093 /* Test.app */,
				E4DA78C9248BEC6E009C7093 /* TestTests.xctest */,
			);
			name = Products;
			sourceTree = "<group>";
		};
		E4DA78B2248BEC6C009C7093 /* Test */ = {
			isa = PBXGroup;
			children = (
				E4DA78B3248BEC6C009C7093 /* AppDelegate.swift */,
				E4DA78B5248BEC6C009C7093 /* SceneDelegate.swift */,
				E4DA78B7248BEC6C009C7093 /* ViewController.swift */,
				E4DA78B9248BEC6C009C7093 /* Main.storyboard */,
				E4DA78BF248BEC6E009C7093 /* Assets.xcassets */,
				E4DA78C1248BEC6E009C7093 /* LaunchScreen.storyboard */,
				E4DA78C4248BEC6E009C7093 /* Info.plist */,
				E4DA78BC248BEC6C009C7093 /* Test.xcdatamodeld */,
			);
			path = Test;
			sourceTree = "<group>";
		};
		E4DA78CC248BEC6E009C7093 /* TestTests */ = {
			isa = PBXGroup;
			children = (
				E4DA78CD248BEC6E009C7093 /* TestTests.swift */,
				E4DA78CF248BEC6E009C7093 /* Info.plist */,
			);
			path = TestTests;
			sourceTree = "<group>";
		};
/* End PBXGroup section */

/* Begin PBXNativeTarget section */
		E4DA78AF248BEC6C009C7093 /* Test */ = {
			isa = PBXNativeTarget;
			buildConfigurationList = E4DA78D2248BEC6E009C7093 /* Build configuration list for PBXNativeTarget "Test" */;
			buildPhases = (
				E4DA78AC248BEC6C009C7093 /* Sources */,
				E4DA78AD248BEC6C009C7093 /* Frameworks */,
				E4DA78AE248BEC6C009C7093 /* Resources */,
			);
			buildRules = (
			);
			dependencies = (
			);
			name = Test;
			productName = Test;
			productReference = E4DA78B0248BEC6C009C7093 /* Test.app */;
			productType = "com.apple.product-type.application";
		};
		E4DA78C8248BEC6E009C7093 /* TestTests */ = {
			isa = PBXNativeTarget;
			buildConfigurationList = E4DA78D5248BEC6E009C7093 /* Build configuration list for PBXNativeTarget "TestTests" */;
			buildPhases = (
				E4DA78C5248BEC6E009C7093 /* Sources */,
				E4DA78C6248BEC6E009C7093 /* Frameworks */,
				E4DA78C7248BEC6E009C7093 /* Resources */,
			);
			buildRules = (
			);
			dependencies = (
				E4DA78CB248BEC6E009C7093 /* PBXTargetDependency */,
			);
			name = TestTests;
			productName = TestTests;
			productReference = E4DA78C9248BEC6E009C7093 /* TestTests.xctest */;
			productType = "com.apple.product-type.bundle.unit-test";
		};
/* End PBXNativeTarget section */

/* Begin PBXProject section */
		E4DA78A8248BEC6C009C7093 /* Project object */ = {
			isa = PBXProject;
			attributes = {
				LastSwiftUpdateCheck = 1150;
				LastUpgradeCheck = 1150;
				ORGANIZATIONNAME = "Hrishi Amravatkar";
				TargetAttributes = {
					E4DA78AF248BEC6C009C7093 = {
						CreatedOnToolsVersion = 11.5;
					};
					E4DA78C8248BEC6E009C7093 = {
						CreatedOnToolsVersion = 11.5;
						TestTargetID = E4DA78AF248BEC6C009C7093;
					};
				};
			};
			buildConfigurationList = E4DA78AB248BEC6C009C7093 /* Build configuration list for PBXProject "Test" */;
			compatibilityVersion = "Xcode 9.3";
			developmentRegion = en;
			hasScannedForEncodings = 0;
			knownRegions = (
				en,
				Base,
			);
			mainGroup = E4DA78A7248BEC6C009C7093;
			productRefGroup = E4DA78B1248BEC6C009C7093 /* Products */;
			projectDirPath = "";
			projectRoot = "";
			targets = (
				E4DA78AF248BEC6C009C7093 /* Test */,
				E4DA78C8248BEC6E009C7093 /* TestTests */,
			);
		};
/* End PBXProject section */

/* Begin PBXResourcesBuildPhase section */
		E4DA78AE248BEC6C009C7093 /* Resources */ = {
			isa = PBXResourcesBuildPhase;
			buildActionMask = 2147483647;
			files = (
				E4DA78C3248BEC6E009C7093 /* LaunchScreen.storyboard in Resources */,
				E4DA78C0248BEC6E009C7093 /* Assets.xcassets in Resources */,
				E4DA78BB248BEC6C009C7093 /* Main.storyboard in Resources */,
			);
			runOnlyForDeploymentPostprocessing = 0;
		};
		E4DA78C7248BEC6E009C7093 /* Resources */ = {
			isa = PBXResourcesBuildPhase;
			buildActionMask = 2147483647;
			files = (
			);
			runOnlyForDeploymentPostprocessing = 0;
		};
/* End PBXResourcesBuildPhase section */

/* Begin PBXSourcesBuildPhase section */
		E4DA78AC248BEC6C009C7093 /* Sources */ = {
			isa = PBXSourcesBuildPhase;
			buildActionMask = 2147483647;
			files = (
				E4DA78B8248BEC6C009C7093 /* ViewController.swift in Sources */,
				E4DA78BE248BEC6C009C7093 /* Test.xcdatamodeld in Sources */,
				E4DA78B4248BEC6C009C7093 /* AppDelegate.swift in Sources */,
				E4DA78B6248BEC6C009C7093 /* SceneDelegate.swift in Sources */,
			);
			runOnlyForDeploymentPostprocessing = 0;
		};
		E4DA78C5248BEC6E009C7093 /* Sources */ = {
			isa = PBXSourcesBuildPhase;
			buildActionMask = 2147483647;
			files = (
				E4DA78CE248BEC6E009C7093 /* TestTests.swift in Sources */,
			);
			runOnlyForDeploymentPostprocessing = 0;
		};
/* End PBXSourcesBuildPhase section */

/* Begin PBXTargetDependency section */
		E4DA78CB248BEC6E009C7093 /* PBXTargetDependency */ = {
			isa = PBXTargetDependency;
			target = E4DA78AF248BEC6C009C7093 /* Test */;
			targetProxy = E4DA78CA248BEC6E009C7093 /* PBXContainerItemProxy */;
		};
/* End PBXTargetDependency section */

/* Begin PBXVariantGroup section */
		E4DA78B9248BEC6C009C7093 /* Main.storyboard */ = {
			isa = PBXVariantGroup;
			children = (
				E4DA78BA248BEC6C009C7093 /* Base */,
			);
			name = Main.storyboard;
			sourceTree = "<group>";
		};
		E4DA78C1248BEC6E009C7093 /* LaunchScreen.storyboard */ = {
			isa = PBXVariantGroup;
			children = (
				E4DA78C2248BEC6E009C7093 /* Base */,
			);
			name = LaunchScreen.storyboard;
			sourceTree = "<group>";
		};
/* End PBXVariantGroup section */

/* Begin XCBuildConfiguration section */
		E4DA78D0248BEC6E009C7093 /* Debug */ = {
			isa = XCBuildConfiguration;
			buildSettings = {
				ALWAYS_SEARCH_USER_PATHS = NO;
				CLANG_ANALYZER_NONNULL = YES;
				CLANG_ANALYZER_NUMBER_OBJECT_CONVERSION = YES_AGGRESSIVE;
				CLANG_CXX_LANGUAGE_STANDARD = "gnu++14";
				CLANG_CXX_LIBRARY = "libc++";
				CLANG_ENABLE_MODULES = YES;
				CLANG_ENABLE_OBJC_ARC = YES;
				CLANG_ENABLE_OBJC_WEAK = YES;
				CLANG_WARN_BLOCK_CAPTURE_AUTORELEASING = YES;
				CLANG_WARN_BOOL_CONVERSION = YES;
				CLANG_WARN_COMMA = YES;
				CLANG_WARN_CONSTANT_CONVERSION = YES;
				CLANG_WARN_DEPRECATED_OBJC_IMPLEMENTATIONS = YES;
				CLANG_WARN_DIRECT_OBJC_ISA_USAGE = YES_ERROR;
				CLANG_WARN_DOCUMENTATION_COMMENTS = YES;
				CLANG_WARN_EMPTY_BODY = YES;
				CLANG_WARN_ENUM_CONVERSION = YES;
				CLANG_WARN_INFINITE_RECURSION = YES;
				CLANG_WARN_INT_CONVERSION = YES;
				CLANG_WARN_NON_LITERAL_NULL_CONVERSION = YES;
				CLANG_WARN_OBJC_IMPLICIT_RETAIN_SELF = YES;
				CLANG_WARN_OBJC_LITERAL_CONVERSION = YES;
				CLANG_WARN_OBJC_ROOT_CLASS = YES_ERROR;
				CLANG_WARN_RANGE_LOOP_ANALYSIS = YES;
				CLANG_WARN_STRICT_PROTOTYPES = YES;
				CLANG_WARN_SUSPICIOUS_MOVE = YES;
				CLANG_WARN_UNGUARDED_AVAILABILITY = YES_AGGRESSIVE;
				CLANG_WARN_UNREACHABLE_CODE = YES;
				CLANG_WARN__DUPLICATE_METHOD_MATCH = YES;
				COPY_PHASE_STRIP = NO;
				DEBUG_INFORMATION_FORMAT = dwarf;
				ENABLE_STRICT_OBJC_MSGSEND = YES;
				ENABLE_TESTABILITY = YES;
				GCC_C_LANGUAGE_STANDARD = gnu11;
				GCC_DYNAMIC_NO_PIC = NO;
				GCC_NO_COMMON_BLOCKS = YES;
				GCC_OPTIMIZATION_LEVEL = 0;
				GCC_PREPROCESSOR_DEFINITIONS = (
					"DEBUG=1",
					"$(inherited)",
				);
				GCC_WARN_64_TO_32_BIT_CONVERSION = YES;
				GCC_WARN_ABOUT_RETURN_TYPE = YES_ERROR;
				GCC_WARN_UNDECLARED_SELECTOR = YES;
				GCC_WARN_UNINITIALIZED_AUTOS = YES_AGGRESSIVE;
				GCC_WARN_UNUSED_FUNCTION = YES;
				GCC_WARN_UNUSED_VARIABLE = YES;
				IPHONEOS_DEPLOYMENT_TARGET = 13.5;
				MTL_ENABLE_DEBUG_INFO = INCLUDE_SOURCE;
				MTL_FAST_MATH = YES;
				ONLY_ACTIVE_ARCH = YES;
				SDKROOT = iphoneos;
				SWIFT_ACTIVE_COMPILATION_CONDITIONS = DEBUG;
				SWIFT_OPTIMIZATION_LEVEL = "-Onone";
			};
			name = Debug;
		};
		E4DA78D1248BEC6E009C7093 /* Release */ = {
			isa = XCBuildConfiguration;
			buildSettings = {
				ALWAYS_SEARCH_USER_PATHS = NO;
				CLANG_ANALYZER_NONNULL = YES;
				CLANG_ANALYZER_NUMBER_OBJECT_CONVERSION = YES_AGGRESSIVE;
				CLANG_CXX_LANGUAGE_STANDARD = "gnu++14";
				CLANG_CXX_LIBRARY = "libc++";
				CLANG_ENABLE_MODULES = YES;
				CLANG_ENABLE_OBJC_ARC = YES;
				CLANG_ENABLE_OBJC_WEAK = YES;
				CLANG_WARN_BLOCK_CAPTURE_AUTORELEASING = YES;
				CLANG_WARN_BOOL_CONVERSION = YES;
				CLANG_WARN_COMMA = YES;
				CLANG_WARN_CONSTANT_CONVERSION = YES;
				CLANG_WARN_DEPRECATED_OBJC_IMPLEMENTATIONS = YES;
				CLANG_WARN_DIRECT_OBJC_ISA_USAGE = YES_ERROR;
				CLANG_WARN_DOCUMENTATION_COMMENTS = YES;
				CLANG_WARN_EMPTY_BODY = YES;
				CLANG_WARN_ENUM_CONVERSION = YES;
				CLANG_WARN_INFINITE_RECURSION = YES;
				CLANG_WARN_INT_CONVERSION = YES;
				CLANG_WARN_NON_LITERAL_NULL_CONVERSION = YES;
				CLANG_WARN_OBJC_IMPLICIT_RETAIN_SELF = YES;
				CLANG_WARN_OBJC_LITERAL_CONVERSION = YES;
				CLANG_WARN_OBJC_ROOT_CLASS = YES_ERROR;
				CLANG_WARN_RANGE_LOOP_ANALYSIS = YES;
				CLANG_WARN_STRICT_PROTOTYPES = YES;
				CLANG_WARN_SUSPICIOUS_MOVE = YES;
				CLANG_WARN_UNGUARDED_AVAILABILITY = YES_AGGRESSIVE;
				CLANG_WARN_UNREACHABLE_CODE = YES;
				CLANG_WARN__DUPLICATE_METHOD_MATCH = YES;
				COPY_PHASE_STRIP = NO;
				DEBUG_INFORMATION_FORMAT = "dwarf-with-dsym";
				ENABLE_NS_ASSERTIONS = NO;
				ENABLE_STRICT_OBJC_MSGSEND = YES;
				GCC_C_LANGUAGE_STANDARD = gnu11;
				GCC_NO_COMMON_BLOCKS = YES;
				GCC_WARN_64_TO_32_BIT_CONVERSION = YES;
				GCC_WARN_ABOUT_RETURN_TYPE = YES_ERROR;
				GCC_WARN_UNDECLARED_SELECTOR = YES;
				GCC_WARN_UNINITIALIZED_AUTOS = YES_AGGRESSIVE;
				GCC_WARN_UNUSED_FUNCTION = YES;
				GCC_WARN_UNUSED_VARIABLE = YES;
				IPHONEOS_DEPLOYMENT_TARGET = 13.5;
				MTL_ENABLE_DEBUG_INFO = NO;
				MTL_FAST_MATH = YES;
				SDKROOT = iphoneos;
				SWIFT_COMPILATION_MODE = wholemodule;
				SWIFT_OPTIMIZATION_LEVEL = "-O";
				VALIDATE_PRODUCT = YES;
			};
			name = Release;
		};
		E4DA78D3248BEC6E009C7093 /* Debug */ = {
			isa = XCBuildConfiguration;
			buildSettings = {
				ASSETCATALOG_COMPILER_APPICON_NAME = AppIcon;
				CODE_SIGN_STYLE = Automatic;
				INFOPLIST_FILE = Test/Info.plist;
				LD_RUNPATH_SEARCH_PATHS = (
					"$(inherited)",
					"@executable_path/Frameworks",
				);
				PRODUCT_BUNDLE_IDENTIFIER = com.consolve.Test;
				PRODUCT_NAME = "$(TARGET_NAME)";
				SWIFT_VERSION = 5.0;
				TARGETED_DEVICE_FAMILY = "1,2";
			};
			name = Debug;
		};
		E4DA78D4248BEC6E009C7093 /* Release */ = {
			isa = XCBuildConfiguration;
			buildSettings = {
				ASSETCATALOG_COMPILER_APPICON_NAME = AppIcon;
				CODE_SIGN_STYLE = Automatic;
				INFOPLIST_FILE = Test/Info.plist;
				LD_RUNPATH_SEARCH_PATHS = (
					"$(inherited)",
					"@executable_path/Frameworks",
				);
				PRODUCT_BUNDLE_IDENTIFIER = com.consolve.Test;
				PRODUCT_NAME = "$(TARGET_NAME)";
				SWIFT_VERSION = 5.0;
				TARGETED_DEVICE_FAMILY = "1,2";
			};
			name = Release;
		};
		E4DA78D6248BEC6E009C7093 /* Debug */ = {
			isa = XCBuildConfiguration;
			buildSettings = {
				ALWAYS_EMBED_SWIFT_STANDARD_LIBRARIES = YES;
				BUNDLE_LOADER = "$(TEST_HOST)";
				CODE_SIGN_STYLE = Automatic;
				INFOPLIST_FILE = TestTests/Info.plist;
				IPHONEOS_DEPLOYMENT_TARGET = 13.5;
				LD_RUNPATH_SEARCH_PATHS = (
					"$(inherited)",
					"@executable_path/Frameworks",
					"@loader_path/Frameworks",
				);
				PRODUCT_BUNDLE_IDENTIFIER = com.consolve.TestTests;
				PRODUCT_NAME = "$(TARGET_NAME)";
				SWIFT_VERSION = 5.0;
				TARGETED_DEVICE_FAMILY = "1,2";
				TEST_HOST = "$(BUILT_PRODUCTS_DIR)/Test.app/Test";
			};
			name = Debug;
		};
		E4DA78D7248BEC6E009C7093 /* Release */ = {
			isa = XCBuildConfiguration;
			buildSettings = {
				ALWAYS_EMBED_SWIFT_STANDARD_LIBRARIES = YES;
				BUNDLE_LOADER = "$(TEST_HOST)";
				CODE_SIGN_STYLE = Automatic;
				INFOPLIST_FILE = TestTests/Info.plist;
				IPHONEOS_DEPLOYMENT_TARGET = 13.5;
				LD_RUNPATH_SEARCH_PATHS = (
					"$(inherited)",
					"@executable_path/Frameworks",
					"@loader_path/Frameworks",
				);
				PRODUCT_BUNDLE_IDENTIFIER = com.consolve.TestTests;
				PRODUCT_NAME = "$(TARGET_NAME)";
				SWIFT_VERSION = 5.0;
				TARGETED_DEVICE_FAMILY = "1,2";
				TEST_HOST = "$(BUILT_PRODUCTS_DIR)/Test.app/Test";
			};
			name = Release;
		};
/* End XCBuildConfiguration section */

/* Begin XCConfigurationList section */
		E4DA78AB248BEC6C009C7093 /* Build configuration list for PBXProject "Test" */ = {
			isa = XCConfigurationList;
			buildConfigurations = (
				E4DA78D0248BEC6E009C7093 /* Debug */,
				E4DA78D1248BEC6E009C7093 /* Release */,
			);
			defaultConfigurationIsVisible = 0;
			defaultConfigurationName = Release;
		};
		E4DA78D2248BEC6E009C7093 /* Build configuration list for PBXNativeTarget "Test" */ = {
			isa = XCConfigurationList;
			buildConfigurations = (
				E4DA78D3248BEC6E009C7093 /* Debug */,
				E4DA78D4248BEC6E009C7093 /* Release */,
			);
			defaultConfigurationIsVisible = 0;
			defaultConfigurationName = Release;
		};
		E4DA78D5248BEC6E009C7093 /* Build configuration list for PBXNativeTarget "TestTests" */ = {
			isa = XCConfigurationList;
			buildConfigurations = (
				E4DA78D6248BEC6E009C7093 /* Debug */,
				E4DA78D7248BEC6E009C7093 /* Release */,
			);
			defaultConfigurationIsVisible = 0;
			defaultConfigurationName = Release;
		};
/* End XCConfigurationList section */

/* Begin XCVersionGroup section */
		E4DA78BC248BEC6C009C7093 /* Test.xcdatamodeld */ = {
			isa = XCVersionGroup;
			children = (
				E4DA78BD248BEC6C009C7093 /* Test.xcdatamodel */,
			);
			currentVersion = E4DA78BD248BEC6C009C7093 /* Test.xcdatamodel */;
			path = Test.xcdatamodeld;
			sourceTree = "<group>";
			versionGroupType = wrapper.xcdatamodel;
		};
/* End XCVersionGroup section */
	};
	rootObject = E4DA78A8248BEC6C009C7093 /* Project object */;
}
